
Microsoft Visual Studio Solution File, Format Version 12.00
# Visual Studio Version 17
VisualStudioVersion = 17.4.33205.214
MinimumVisualStudioVersion = 10.0.40219.1
Project("{FAE04EC0-301F-11D3-BF4B-00C04F79EFBC}") = "DeterminingDNAHealth", "DeterminingDNAHealth.csproj", "{C8ABE719-D8DA-4DCD-980C-F05A613E75DD}"
EndProject
Global
	GlobalSection(SolutionConfigurationPlatforms) = preSolution
		Debug|Any CPU = Debug|Any CPU
		Release|Any CPU = Release|Any CPU
	EndGlobalSection
	GlobalSection(ProjectConfigurationPlatforms) = postSolution
		{C8ABE719-D8DA-4DCD-980C-F05A613E75DD}.Debug|Any CPU.ActiveCfg = Debug|Any CPU
		{C8ABE719-D8DA-4DCD-980C-F05A613E75DD}.Debug|Any CPU.Build.0 = Debug|Any CPU
		{C8ABE719-D8DA-4DCD-980C-F05A613E75DD}.Release|Any CPU.ActiveCfg = Release|Any CPU
		{C8ABE719-D8DA-4DCD-980C-F05A613E75DD}.Release|Any CPU.Build.0 = Release|Any CPU
	EndGlobalSection
	GlobalSection(SolutionProperties) = preSolution
		HideSolutionNode = FALSE
	EndGlobalSection
	GlobalSection(ExtensibilityGlobals) = postSolution
		SolutionGuid = {7ED53B2F-AC64-4314-A52C-DE1724C7D977}
	EndGlobalSection
EndGlobal
